// !$*UTF8*$!
{
	archiveVersion = 1;
	classes = {
	};
	objectVersion = 48;
	objects = {

/* Begin PBXBuildFile section */
		1853963D1FB2DAEC0011AA3F /* AppDelegate.swift in Sources */ = {isa = PBXBuildFile; fileRef = 1853963C1FB2DAEC0011AA3F /* AppDelegate.swift */; };
		1853963F1FB2DAEC0011AA3F /* ViewController.swift in Sources */ = {isa = PBXBuildFile; fileRef = 1853963E1FB2DAEC0011AA3F /* ViewController.swift */; };
		185396421FB2DAEC0011AA3F /* Main.storyboard in Resources */ = {isa = PBXBuildFile; fileRef = 185396401FB2DAEC0011AA3F /* Main.storyboard */; };
		185396441FB2DAEC0011AA3F /* Assets.xcassets in Resources */ = {isa = PBXBuildFile; fileRef = 185396431FB2DAEC0011AA3F /* Assets.xcassets */; };
		185396471FB2DAEC0011AA3F /* LaunchScreen.storyboard in Resources */ = {isa = PBXBuildFile; fileRef = 185396451FB2DAEC0011AA3F /* LaunchScreen.storyboard */; };
		185396521FB2DAEC0011AA3F /* _3xTurn_2xTests.swift in Sources */ = {isa = PBXBuildFile; fileRef = 185396511FB2DAEC0011AA3F /* _3xTurn_2xTests.swift */; };
		1853965D1FB2DAEC0011AA3F /* _3xTurn_2xUITests.swift in Sources */ = {isa = PBXBuildFile; fileRef = 1853965C1FB2DAEC0011AA3F /* _3xTurn_2xUITests.swift */; };
/* End PBXBuildFile section */

/* Begin PBXContainerItemProxy section */
		1853964E1FB2DAEC0011AA3F /* PBXContainerItemProxy */ = {
			isa = PBXContainerItemProxy;
			containerPortal = 185396311FB2DAEC0011AA3F /* Project object */;
			proxyType = 1;
			remoteGlobalIDString = 185396381FB2DAEC0011AA3F;
			remoteInfo = "@3xTurn@2x";
		};
		185396591FB2DAEC0011AA3F /* PBXContainerItemProxy */ = {
			isa = PBXContainerItemProxy;
			containerPortal = 185396311FB2DAEC0011AA3F /* Project object */;
			proxyType = 1;
			remoteGlobalIDString = 185396381FB2DAEC0011AA3F;
			remoteInfo = "@3xTurn@2x";
		};
/* End PBXContainerItemProxy section */

/* Begin PBXFileReference section */
		185396391FB2DAEC0011AA3F /* @3xTurn@2x.app */ = {isa = PBXFileReference; explicitFileType = wrapper.application; includeInIndex = 0; path = "@3xTurn@2x.app"; sourceTree = BUILT_PRODUCTS_DIR; };
		1853963C1FB2DAEC0011AA3F /* AppDelegate.swift */ = {isa = PBXFileReference; lastKnownFileType = sourcecode.swift; path = AppDelegate.swift; sourceTree = "<group>"; };
		1853963E1FB2DAEC0011AA3F /* ViewController.swift */ = {isa = PBXFileReference; lastKnownFileType = sourcecode.swift; path = ViewController.swift; sourceTree = "<group>"; };
		185396411FB2DAEC0011AA3F /* Base */ = {isa = PBXFileReference; lastKnownFileType = file.storyboard; name = Base; path = Base.lproj/Main.storyboard; sourceTree = "<group>"; };
		185396431FB2DAEC0011AA3F /* Assets.xcassets */ = {isa = PBXFileReference; lastKnownFileType = folder.assetcatalog; path = Assets.xcassets; sourceTree = "<group>"; };
		185396461FB2DAEC0011AA3F /* Base */ = {isa = PBXFileReference; lastKnownFileType = file.storyboard; name = Base; path = Base.lproj/LaunchScreen.storyboard; sourceTree = "<group>"; };
		185396481FB2DAEC0011AA3F /* Info.plist */ = {isa = PBXFileReference; lastKnownFileType = text.plist.xml; path = Info.plist; sourceTree = "<group>"; };
		1853964D1FB2DAEC0011AA3F /* @3xTurn@2xTests.xctest */ = {isa = PBXFileReference; explicitFileType = wrapper.cfbundle; includeInIndex = 0; path = "@3xTurn@2xTests.xctest"; sourceTree = BUILT_PRODUCTS_DIR; };
		185396511FB2DAEC0011AA3F /* _3xTurn_2xTests.swift */ = {isa = PBXFileReference; lastKnownFileType = sourcecode.swift; path = _3xTurn_2xTests.swift; sourceTree = "<group>"; };
		185396531FB2DAEC0011AA3F /* Info.plist */ = {isa = PBXFileReference; lastKnownFileType = text.plist.xml; path = Info.plist; sourceTree = "<group>"; };
		185396581FB2DAEC0011AA3F /* @3xTurn@2xUITests.xctest */ = {isa = PBXFileReference; explicitFileType = wrapper.cfbundle; includeInIndex = 0; path = "@3xTurn@2xUITests.xctest"; sourceTree = BUILT_PRODUCTS_DIR; };
		1853965C1FB2DAEC0011AA3F /* _3xTurn_2xUITests.swift */ = {isa = PBXFileReference; lastKnownFileType = sourcecode.swift; path = _3xTurn_2xUITests.swift; sourceTree = "<group>"; };
		1853965E1FB2DAEC0011AA3F /* Info.plist */ = {isa = PBXFileReference; lastKnownFileType = text.plist.xml; path = Info.plist; sourceTree = "<group>"; };
/* End PBXFileReference section */

/* Begin PBXFrameworksBuildPhase section */
		185396361FB2DAEC0011AA3F /* Frameworks */ = {
			isa = PBXFrameworksBuildPhase;
			buildActionMask = 2147483647;
			files = (
			);
			runOnlyForDeploymentPostprocessing = 0;
		};
		1853964A1FB2DAEC0011AA3F /* Frameworks */ = {
			isa = PBXFrameworksBuildPhase;
			buildActionMask = 2147483647;
			files = (
			);
			runOnlyForDeploymentPostprocessing = 0;
		};
		185396551FB2DAEC0011AA3F /* Frameworks */ = {
			isa = PBXFrameworksBuildPhase;
			buildActionMask = 2147483647;
			files = (
			);
			runOnlyForDeploymentPostprocessing = 0;
		};
/* End PBXFrameworksBuildPhase section */

/* Begin PBXGroup section */
		185396301FB2DAEC0011AA3F = {
			isa = PBXGroup;
			children = (
				1853963B1FB2DAEC0011AA3F /* @3xTurn@2x */,
				185396501FB2DAEC0011AA3F /* @3xTurn@2xTests */,
				1853965B1FB2DAEC0011AA3F /* @3xTurn@2xUITests */,
				1853963A1FB2DAEC0011AA3F /* Products */,
			);
			sourceTree = "<group>";
		};
		1853963A1FB2DAEC0011AA3F /* Products */ = {
			isa = PBXGroup;
			children = (
				185396391FB2DAEC0011AA3F /* @3xTurn@2x.app */,
				1853964D1FB2DAEC0011AA3F /* @3xTurn@2xTests.xctest */,
				185396581FB2DAEC0011AA3F /* @3xTurn@2xUITests.xctest */,
			);
			name = Products;
			sourceTree = "<group>";
		};
		1853963B1FB2DAEC0011AA3F /* @3xTurn@2x */ = {
			isa = PBXGroup;
			children = (
				1853963C1FB2DAEC0011AA3F /* AppDelegate.swift */,
				1853963E1FB2DAEC0011AA3F /* ViewController.swift */,
				185396401FB2DAEC0011AA3F /* Main.storyboard */,
				185396431FB2DAEC0011AA3F /* Assets.xcassets */,
				185396451FB2DAEC0011AA3F /* LaunchScreen.storyboard */,
				185396481FB2DAEC0011AA3F /* Info.plist */,
			);
			path = "@3xTurn@2x";
			sourceTree = "<group>";
		};
		185396501FB2DAEC0011AA3F /* @3xTurn@2xTests */ = {
			isa = PBXGroup;
			children = (
				185396511FB2DAEC0011AA3F /* _3xTurn_2xTests.swift */,
				185396531FB2DAEC0011AA3F /* Info.plist */,
			);
			path = "@3xTurn@2xTests";
			sourceTree = "<group>";
		};
		1853965B1FB2DAEC0011AA3F /* @3xTurn@2xUITests */ = {
			isa = PBXGroup;
			children = (
				1853965C1FB2DAEC0011AA3F /* _3xTurn_2xUITests.swift */,
				1853965E1FB2DAEC0011AA3F /* Info.plist */,
			);
			path = "@3xTurn@2xUITests";
			sourceTree = "<group>";
		};
/* End PBXGroup section */

/* Begin PBXNativeTarget section */
		185396381FB2DAEC0011AA3F /* @3xTurn@2x */ = {
			isa = PBXNativeTarget;
			buildConfigurationList = 185396611FB2DAEC0011AA3F /* Build configuration list for PBXNativeTarget "@3xTurn@2x" */;
			buildPhases = (
				185396351FB2DAEC0011AA3F /* Sources */,
				185396361FB2DAEC0011AA3F /* Frameworks */,
				185396371FB2DAEC0011AA3F /* Resources */,
			);
			buildRules = (
			);
			dependencies = (
			);
			name = "@3xTurn@2x";
			productName = "@3xTurn@2x";
			productReference = 185396391FB2DAEC0011AA3F /* @3xTurn@2x.app */;
			productType = "com.apple.product-type.application";
		};
		1853964C1FB2DAEC0011AA3F /* @3xTurn@2xTests */ = {
			isa = PBXNativeTarget;
			buildConfigurationList = 185396641FB2DAEC0011AA3F /* Build configuration list for PBXNativeTarget "@3xTurn@2xTests" */;
			buildPhases = (
				185396491FB2DAEC0011AA3F /* Sources */,
				1853964A1FB2DAEC0011AA3F /* Frameworks */,
				1853964B1FB2DAEC0011AA3F /* Resources */,
			);
			buildRules = (
			);
			dependencies = (
				1853964F1FB2DAEC0011AA3F /* PBXTargetDependency */,
			);
			name = "@3xTurn@2xTests";
			productName = "@3xTurn@2xTests";
			productReference = 1853964D1FB2DAEC0011AA3F /* @3xTurn@2xTests.xctest */;
			productType = "com.apple.product-type.bundle.unit-test";
		};
		185396571FB2DAEC0011AA3F /* @3xTurn@2xUITests */ = {
			isa = PBXNativeTarget;
			buildConfigurationList = 185396671FB2DAEC0011AA3F /* Build configuration list for PBXNativeTarget "@3xTurn@2xUITests" */;
			buildPhases = (
				185396541FB2DAEC0011AA3F /* Sources */,
				185396551FB2DAEC0011AA3F /* Frameworks */,
				185396561FB2DAEC0011AA3F /* Resources */,
			);
			buildRules = (
			);
			dependencies = (
				1853965A1FB2DAEC0011AA3F /* PBXTargetDependency */,
			);
			name = "@3xTurn@2xUITests";
			productName = "@3xTurn@2xUITests";
			productReference = 185396581FB2DAEC0011AA3F /* @3xTurn@2xUITests.xctest */;
			productType = "com.apple.product-type.bundle.ui-testing";
		};
/* End PBXNativeTarget section */

/* Begin PBXProject section */
		185396311FB2DAEC0011AA3F /* Project object */ = {
			isa = PBXProject;
			attributes = {
				LastSwiftUpdateCheck = 0910;
				LastUpgradeCheck = 0910;
				ORGANIZATIONNAME = "张洪健";
				TargetAttributes = {
					185396381FB2DAEC0011AA3F = {
						CreatedOnToolsVersion = 9.1;
						ProvisioningStyle = Automatic;
					};
					1853964C1FB2DAEC0011AA3F = {
						CreatedOnToolsVersion = 9.1;
						ProvisioningStyle = Automatic;
						TestTargetID = 185396381FB2DAEC0011AA3F;
					};
					185396571FB2DAEC0011AA3F = {
						CreatedOnToolsVersion = 9.1;
						ProvisioningStyle = Automatic;
						TestTargetID = 185396381FB2DAEC0011AA3F;
					};
				};
			};
			buildConfigurationList = 185396341FB2DAEC0011AA3F /* Build configuration list for PBXProject "@3xTurn@2x" */;
			compatibilityVersion = "Xcode 8.0";
			developmentRegion = en;
			hasScannedForEncodings = 0;
			knownRegions = (
				en,
				Base,
			);
			mainGroup = 185396301FB2DAEC0011AA3F;
			productRefGroup = 1853963A1FB2DAEC0011AA3F /* Products */;
			projectDirPath = "";
			projectRoot = "";
			targets = (
				185396381FB2DAEC0011AA3F /* @3xTurn@2x */,
				1853964C1FB2DAEC0011AA3F /* @3xTurn@2xTests */,
				185396571FB2DAEC0011AA3F /* @3xTurn@2xUITests */,
			);
		};
/* End PBXProject section */

/* Begin PBXResourcesBuildPhase section */
		185396371FB2DAEC0011AA3F /* Resources */ = {
			isa = PBXResourcesBuildPhase;
			buildActionMask = 2147483647;
			files = (
				185396471FB2DAEC0011AA3F /* LaunchScreen.storyboard in Resources */,
				185396441FB2DAEC0011AA3F /* Assets.xcassets in Resources */,
				185396421FB2DAEC0011AA3F /* Main.storyboard in Resources */,
			);
			runOnlyForDeploymentPostprocessing = 0;
		};
		1853964B1FB2DAEC0011AA3F /* Resources */ = {
			isa = PBXResourcesBuildPhase;
			buildActionMask = 2147483647;
			files = (
			);
			runOnlyForDeploymentPostprocessing = 0;
		};
		185396561FB2DAEC0011AA3F /* Resources */ = {
			isa = PBXResourcesBuildPhase;
			buildActionMask = 2147483647;
			files = (
			);
			runOnlyForDeploymentPostprocessing = 0;
		};
/* End PBXResourcesBuildPhase section */

/* Begin PBXSourcesBuildPhase section */
		185396351FB2DAEC0011AA3F /* Sources */ = {
			isa = PBXSourcesBuildPhase;
			buildActionMask = 2147483647;
			files = (
				1853963F1FB2DAEC0011AA3F /* ViewController.swift in Sources */,
				1853963D1FB2DAEC0011AA3F /* AppDelegate.swift in Sources */,
			);
			runOnlyForDeploymentPostprocessing = 0;
		};
		185396491FB2DAEC0011AA3F /* Sources */ = {
			isa = PBXSourcesBuildPhase;
			buildActionMask = 2147483647;
			files = (
				185396521FB2DAEC0011AA3F /* _3xTurn_2xTests.swift in Sources */,
			);
			runOnlyForDeploymentPostprocessing = 0;
		};
		185396541FB2DAEC0011AA3F /* Sources */ = {
			isa = PBXSourcesBuildPhase;
			buildActionMask = 2147483647;
			files = (
				1853965D1FB2DAEC0011AA3F /* _3xTurn_2xUITests.swift in Sources */,
			);
			runOnlyForDeploymentPostprocessing = 0;
		};
/* End PBXSourcesBuildPhase section */

/* Begin PBXTargetDependency section */
		1853964F1FB2DAEC0011AA3F /* PBXTargetDependency */ = {
			isa = PBXTargetDependency;
			target = 185396381FB2DAEC0011AA3F /* @3xTurn@2x */;
			targetProxy = 1853964E1FB2DAEC0011AA3F /* PBXContainerItemProxy */;
		};
		1853965A1FB2DAEC0011AA3F /* PBXTargetDependency */ = {
			isa = PBXTargetDependency;
			target = 185396381FB2DAEC0011AA3F /* @3xTurn@2x */;
			targetProxy = 185396591FB2DAEC0011AA3F /* PBXContainerItemProxy */;
		};
/* End PBXTargetDependency section */

/* Begin PBXVariantGroup section */
		185396401FB2DAEC0011AA3F /* Main.storyboard */ = {
			isa = PBXVariantGroup;
			children = (
				185396411FB2DAEC0011AA3F /* Base */,
			);
			name = Main.storyboard;
			sourceTree = "<group>";
		};
		185396451FB2DAEC0011AA3F /* LaunchScreen.storyboard */ = {
			isa = PBXVariantGroup;
			children = (
				185396461FB2DAEC0011AA3F /* Base */,
			);
			name = LaunchScreen.storyboard;
			sourceTree = "<group>";
		};
/* End PBXVariantGroup section */

/* Begin XCBuildConfiguration section */
		1853965F1FB2DAEC0011AA3F /* Debug */ = {
			isa = XCBuildConfiguration;
			buildSettings = {
				ALWAYS_SEARCH_USER_PATHS = NO;
				CLANG_ANALYZER_NONNULL = YES;
				CLANG_ANALYZER_NUMBER_OBJECT_CONVERSION = YES_AGGRESSIVE;
				CLANG_CXX_LANGUAGE_STANDARD = "gnu++14";
				CLANG_CXX_LIBRARY = "libc++";
				CLANG_ENABLE_MODULES = YES;
				CLANG_ENABLE_OBJC_ARC = YES;
				CLANG_WARN_BLOCK_CAPTURE_AUTORELEASING = YES;
				CLANG_WARN_BOOL_CONVERSION = YES;
				CLANG_WARN_COMMA = YES;
				CLANG_WARN_CONSTANT_CONVERSION = YES;
				CLANG_WARN_DIRECT_OBJC_ISA_USAGE = YES_ERROR;
				CLANG_WARN_DOCUMENTATION_COMMENTS = YES;
				CLANG_WARN_EMPTY_BODY = YES;
				CLANG_WARN_ENUM_CONVERSION = YES;
				CLANG_WARN_INFINITE_RECURSION = YES;
				CLANG_WARN_INT_CONVERSION = YES;
				CLANG_WARN_NON_LITERAL_NULL_CONVERSION = YES;
				CLANG_WARN_OBJC_LITERAL_CONVERSION = YES;
				CLANG_WARN_OBJC_ROOT_CLASS = YES_ERROR;
				CLANG_WARN_RANGE_LOOP_ANALYSIS = YES;
				CLANG_WARN_STRICT_PROTOTYPES = YES;
				CLANG_WARN_SUSPICIOUS_MOVE = YES;
				CLANG_WARN_UNGUARDED_AVAILABILITY = YES_AGGRESSIVE;
				CLANG_WARN_UNREACHABLE_CODE = YES;
				CLANG_WARN__DUPLICATE_METHOD_MATCH = YES;
				CODE_SIGN_IDENTITY = "iPhone Developer";
				COPY_PHASE_STRIP = NO;
				DEBUG_INFORMATION_FORMAT = dwarf;
				ENABLE_STRICT_OBJC_MSGSEND = YES;
				ENABLE_TESTABILITY = YES;
				GCC_C_LANGUAGE_STANDARD = gnu11;
				GCC_DYNAMIC_NO_PIC = NO;
				GCC_NO_COMMON_BLOCKS = YES;
				GCC_OPTIMIZATION_LEVEL = 0;
				GCC_PREPROCESSOR_DEFINITIONS = (
					"DEBUG=1",
					"$(inherited)",
				);
				GCC_WARN_64_TO_32_BIT_CONVERSION = YES;
				GCC_WARN_ABOUT_RETURN_TYPE = YES_ERROR;
				GCC_WARN_UNDECLARED_SELECTOR = YES;
				GCC_WARN_UNINITIALIZED_AUTOS = YES_AGGRESSIVE;
				GCC_WARN_UNUSED_FUNCTION = YES;
				GCC_WARN_UNUSED_VARIABLE = YES;
				IPHONEOS_DEPLOYMENT_TARGET = 11.1;
				MTL_ENABLE_DEBUG_INFO = YES;
				ONLY_ACTIVE_ARCH = YES;
				SDKROOT = iphoneos;
				SWIFT_ACTIVE_COMPILATION_CONDITIONS = DEBUG;
				SWIFT_OPTIMIZATION_LEVEL = "-Onone";
			};
			name = Debug;
		};
		185396601FB2DAEC0011AA3F /* Release */ = {
			isa = XCBuildConfiguration;
			buildSettings = {
				ALWAYS_SEARCH_USER_PATHS = NO;
				CLANG_ANALYZER_NONNULL = YES;
				CLANG_ANALYZER_NUMBER_OBJECT_CONVERSION = YES_AGGRESSIVE;
				CLANG_CXX_LANGUAGE_STANDARD = "gnu++14";
				CLANG_CXX_LIBRARY = "libc++";
				CLANG_ENABLE_MODULES = YES;
				CLANG_ENABLE_OBJC_ARC = YES;
				CLANG_WARN_BLOCK_CAPTURE_AUTORELEASING = YES;
				CLANG_WARN_BOOL_CONVERSION = YES;
				CLANG_WARN_COMMA = YES;
				CLANG_WARN_CONSTANT_CONVERSION = YES;
				CLANG_WARN_DIRECT_OBJC_ISA_USAGE = YES_ERROR;
				CLANG_WARN_DOCUMENTATION_COMMENTS = YES;
				CLANG_WARN_EMPTY_BODY = YES;
				CLANG_WARN_ENUM_CONVERSION = YES;
				CLANG_WARN_INFINITE_RECURSION = YES;
				CLANG_WARN_INT_CONVERSION = YES;
				CLANG_WARN_NON_LITERAL_NULL_CONVERSION = YES;
				CLANG_WARN_OBJC_LITERAL_CONVERSION = YES;
				CLANG_WARN_OBJC_ROOT_CLASS = YES_ERROR;
				CLANG_WARN_RANGE_LOOP_ANALYSIS = YES;
				CLANG_WARN_STRICT_PROTOTYPES = YES;
				CLANG_WARN_SUSPICIOUS_MOVE = YES;
				CLANG_WARN_UNGUARDED_AVAILABILITY = YES_AGGRESSIVE;
				CLANG_WARN_UNREACHABLE_CODE = YES;
				CLANG_WARN__DUPLICATE_METHOD_MATCH = YES;
				CODE_SIGN_IDENTITY = "iPhone Developer";
				COPY_PHASE_STRIP = NO;
				DEBUG_INFORMATION_FORMAT = "dwarf-with-dsym";
				ENABLE_NS_ASSERTIONS = NO;
				ENABLE_STRICT_OBJC_MSGSEND = YES;
				GCC_C_LANGUAGE_STANDARD = gnu11;
				GCC_NO_COMMON_BLOCKS = YES;
				GCC_WARN_64_TO_32_BIT_CONVERSION = YES;
				GCC_WARN_ABOUT_RETURN_TYPE = YES_ERROR;
				GCC_WARN_UNDECLARED_SELECTOR = YES;
				GCC_WARN_UNINITIALIZED_AUTOS = YES_AGGRESSIVE;
				GCC_WARN_UNUSED_FUNCTION = YES;
				GCC_WARN_UNUSED_VARIABLE = YES;
				IPHONEOS_DEPLOYMENT_TARGET = 11.1;
				MTL_ENABLE_DEBUG_INFO = NO;
				SDKROOT = iphoneos;
				SWIFT_OPTIMIZATION_LEVEL = "-Owholemodule";
				VALIDATE_PRODUCT = YES;
			};
			name = Release;
		};
		185396621FB2DAEC0011AA3F /* Debug */ = {
			isa = XCBuildConfiguration;
			buildSettings = {
				ASSETCATALOG_COMPILER_APPICON_NAME = AppIcon;
				CODE_SIGN_STYLE = Automatic;
				INFOPLIST_FILE = "@3xTurn@2x/Info.plist";
				LD_RUNPATH_SEARCH_PATHS = "$(inherited) @executable_path/Frameworks";
				PRODUCT_BUNDLE_IDENTIFIER = "com.zhanghongjian.-3xTurn-2x";
				PRODUCT_NAME = "$(TARGET_NAME)";
				SWIFT_VERSION = 4.0;
				TARGETED_DEVICE_FAMILY = "1,2";
			};
			name = Debug;
		};
		185396631FB2DAEC0011AA3F /* Release */ = {
			isa = XCBuildConfiguration;
			buildSettings = {
				ASSETCATALOG_COMPILER_APPICON_NAME = AppIcon;
				CODE_SIGN_STYLE = Automatic;
				INFOPLIST_FILE = "@3xTurn@2x/Info.plist";
				LD_RUNPATH_SEARCH_PATHS = "$(inherited) @executable_path/Frameworks";
				PRODUCT_BUNDLE_IDENTIFIER = "com.zhanghongjian.-3xTurn-2x";
				PRODUCT_NAME = "$(TARGET_NAME)";
				SWIFT_VERSION = 4.0;
				TARGETED_DEVICE_FAMILY = "1,2";
			};
			name = Release;
		};
		185396651FB2DAEC0011AA3F /* Debug */ = {
			isa = XCBuildConfiguration;
			buildSettings = {
				ALWAYS_EMBED_SWIFT_STANDARD_LIBRARIES = YES;
				BUNDLE_LOADER = "$(TEST_HOST)";
				CODE_SIGN_STYLE = Automatic;
				INFOPLIST_FILE = "@3xTurn@2xTests/Info.plist";
				LD_RUNPATH_SEARCH_PATHS = "$(inherited) @executable_path/Frameworks @loader_path/Frameworks";
				PRODUCT_BUNDLE_IDENTIFIER = "com.zhanghongjian.-3xTurn-2xTests";
				PRODUCT_NAME = "$(TARGET_NAME)";
				SWIFT_VERSION = 4.0;
				TARGETED_DEVICE_FAMILY = "1,2";
				TEST_HOST = "$(BUILT_PRODUCTS_DIR)/@3xTurn@2x.app/@3xTurn@2x";
			};
			name = Debug;
		};
		185396661FB2DAEC0011AA3F /* Release */ = {
			isa = XCBuildConfiguration;
			buildSettings = {
				ALWAYS_EMBED_SWIFT_STANDARD_LIBRARIES = YES;
				BUNDLE_LOADER = "$(TEST_HOST)";
				CODE_SIGN_STYLE = Automatic;
				INFOPLIST_FILE = "@3xTurn@2xTests/Info.plist";
				LD_RUNPATH_SEARCH_PATHS = "$(inherited) @executable_path/Frameworks @loader_path/Frameworks";
				PRODUCT_BUNDLE_IDENTIFIER = "com.zhanghongjian.-3xTurn-2xTests";
				PRODUCT_NAME = "$(TARGET_NAME)";
				SWIFT_VERSION = 4.0;
				TARGETED_DEVICE_FAMILY = "1,2";
				TEST_HOST = "$(BUILT_PRODUCTS_DIR)/@3xTurn@2x.app/@3xTurn@2x";
			};
			name = Release;
		};
		185396681FB2DAEC0011AA3F /* Debug */ = {
			isa = XCBuildConfiguration;
			buildSettings = {
				ALWAYS_EMBED_SWIFT_STANDARD_LIBRARIES = YES;
				CODE_SIGN_STYLE = Automatic;
				INFOPLIST_FILE = "@3xTurn@2xUITests/Info.plist";
				LD_RUNPATH_SEARCH_PATHS = "$(inherited) @executable_path/Frameworks @loader_path/Frameworks";
				PRODUCT_BUNDLE_IDENTIFIER = "com.zhanghongjian.-3xTurn-2xUITests";
				PRODUCT_NAME = "$(TARGET_NAME)";
				SWIFT_VERSION = 4.0;
				TARGETED_DEVICE_FAMILY = "1,2";
				TEST_TARGET_NAME = "@3xTurn@2x";
			};
			name = Debug;
		};
		185396691FB2DAEC0011AA3F /* Release */ = {
			isa = XCBuildConfiguration;
			buildSettings = {
				ALWAYS_EMBED_SWIFT_STANDARD_LIBRARIES = YES;
				CODE_SIGN_STYLE = Automatic;
				INFOPLIST_FILE = "@3xTurn@2xUITests/Info.plist";
				LD_RUNPATH_SEARCH_PATHS = "$(inherited) @executable_path/Frameworks @loader_path/Frameworks";
				PRODUCT_BUNDLE_IDENTIFIER = "com.zhanghongjian.-3xTurn-2xUITests";
				PRODUCT_NAME = "$(TARGET_NAME)";
				SWIFT_VERSION = 4.0;
				TARGETED_DEVICE_FAMILY = "1,2";
				TEST_TARGET_NAME = "@3xTurn@2x";
			};
			name = Release;
		};
/* End XCBuildConfiguration section */

/* Begin XCConfigurationList section */
		185396341FB2DAEC0011AA3F /* Build configuration list for PBXProject "@3xTurn@2x" */ = {
			isa = XCConfigurationList;
			buildConfigurations = (
				1853965F1FB2DAEC0011AA3F /* Debug */,
				185396601FB2DAEC0011AA3F /* Release */,
			);
			defaultConfigurationIsVisible = 0;
			defaultConfigurationName = Release;
		};
		185396611FB2DAEC0011AA3F /* Build configuration list for PBXNativeTarget "@3xTurn@2x" */ = {
			isa = XCConfigurationList;
			buildConfigurations = (
				185396621FB2DAEC0011AA3F /* Debug */,
				185396631FB2DAEC0011AA3F /* Release */,
			);
			defaultConfigurationIsVisible = 0;
			defaultConfigurationName = Release;
		};
		185396641FB2DAEC0011AA3F /* Build configuration list for PBXNativeTarget "@3xTurn@2xTests" */ = {
			isa = XCConfigurationList;
			buildConfigurations = (
				185396651FB2DAEC0011AA3F /* Debug */,
				185396661FB2DAEC0011AA3F /* Release */,
			);
			defaultConfigurationIsVisible = 0;
			defaultConfigurationName = Release;
		};
		185396671FB2DAEC0011AA3F /* Build configuration list for PBXNativeTarget "@3xTurn@2xUITests" */ = {
			isa = XCConfigurationList;
			buildConfigurations = (
				185396681FB2DAEC0011AA3F /* Debug */,
				185396691FB2DAEC0011AA3F /* Release */,
			);
			defaultConfigurationIsVisible = 0;
			defaultConfigurationName = Release;
		};
/* End XCConfigurationList section */
	};
	rootObject = 185396311FB2DAEC0011AA3F /* Project object */;
}
